// !$*UTF8*$!
{
	archiveVersion = 1;
	classes = {
	};
	objectVersion = 46;
	objects = {

/* Begin PBXBuildFile section */
		3C6C52BA64B68760666313F3 /* Pods_FirebaseLoginRX.framework in Frameworks */ = {isa = PBXBuildFile; fileRef = B1CEDEE1E2C2DAD8A6959A53 /* Pods_FirebaseLoginRX.framework */; };
		E06ECBDA1F93B42A00C7D717 /* Launch Screen.storyboard in Resources */ = {isa = PBXBuildFile; fileRef = E06ECBD91F93B42A00C7D717 /* Launch Screen.storyboard */; };
		E06ECBDF1F93B4F700C7D717 /* RootCoordinator.swift in Sources */ = {isa = PBXBuildFile; fileRef = E06ECBDE1F93B4F700C7D717 /* RootCoordinator.swift */; };
		E06ECBE11F93B51A00C7D717 /* Coordinator.swift in Sources */ = {isa = PBXBuildFile; fileRef = E06ECBE01F93B51A00C7D717 /* Coordinator.swift */; };
		E06ECBE41F93B53000C7D717 /* LoginViewController.swift in Sources */ = {isa = PBXBuildFile; fileRef = E06ECBE21F93B53000C7D717 /* LoginViewController.swift */; };
		E06ECBE51F93B53000C7D717 /* LoginViewController.xib in Resources */ = {isa = PBXBuildFile; fileRef = E06ECBE31F93B53000C7D717 /* LoginViewController.xib */; };
		E06ECBE71F93B53F00C7D717 /* LoginCoordinator.swift in Sources */ = {isa = PBXBuildFile; fileRef = E06ECBE61F93B53F00C7D717 /* LoginCoordinator.swift */; };
		E06ECBE91F93B6DF00C7D717 /* LoginViewModel.swift in Sources */ = {isa = PBXBuildFile; fileRef = E06ECBE81F93B6DF00C7D717 /* LoginViewModel.swift */; };
		E06ECBEB1F93B75C00C7D717 /* Roundable.swift in Sources */ = {isa = PBXBuildFile; fileRef = E06ECBEA1F93B75C00C7D717 /* Roundable.swift */; };
		E06ECBED1F93B77100C7D717 /* Bordable.swift in Sources */ = {isa = PBXBuildFile; fileRef = E06ECBEC1F93B77100C7D717 /* Bordable.swift */; };
		E06ECBF01F93B79300C7D717 /* UIView.swift in Sources */ = {isa = PBXBuildFile; fileRef = E06ECBEF1F93B79300C7D717 /* UIView.swift */; };
		E06ECBF21F93B9B100C7D717 /* GoogleService-Info.plist in Resources */ = {isa = PBXBuildFile; fileRef = E06ECBF11F93B9B100C7D717 /* GoogleService-Info.plist */; };
		E06ECBF41F93BC0F00C7D717 /* FacebookTokenFetcher.swift in Sources */ = {isa = PBXBuildFile; fileRef = E06ECBF31F93BC0F00C7D717 /* FacebookTokenFetcher.swift */; };
		E06ECBF61F93BC2500C7D717 /* FacebookAuth.swift in Sources */ = {isa = PBXBuildFile; fileRef = E06ECBF51F93BC2500C7D717 /* FacebookAuth.swift */; };
		E06ECBF81F93BC4600C7D717 /* GoogleTokenFetcher.swift in Sources */ = {isa = PBXBuildFile; fileRef = E06ECBF71F93BC4600C7D717 /* GoogleTokenFetcher.swift */; };
		E06ECBFA1F93BC5700C7D717 /* GoogleAuth.swift in Sources */ = {isa = PBXBuildFile; fileRef = E06ECBF91F93BC5700C7D717 /* GoogleAuth.swift */; };
		E06ECBFD1F93BC6D00C7D717 /* GoogleSignIn+Rx.swift in Sources */ = {isa = PBXBuildFile; fileRef = E06ECBFC1F93BC6D00C7D717 /* GoogleSignIn+Rx.swift */; };
		E06ECBFF1F93BC9300C7D717 /* TwitterTokenFetcher.swift in Sources */ = {isa = PBXBuildFile; fileRef = E06ECBFE1F93BC9300C7D717 /* TwitterTokenFetcher.swift */; };
		E06ECC011F93BCA400C7D717 /* TwitterAuth.swift in Sources */ = {isa = PBXBuildFile; fileRef = E06ECC001F93BCA400C7D717 /* TwitterAuth.swift */; };
		E06ECC1C1F93C69600C7D717 /* LoginService.swift in Sources */ = {isa = PBXBuildFile; fileRef = E06ECC1B1F93C69600C7D717 /* LoginService.swift */; };
		E06ECC1E1F93C6AC00C7D717 /* EmailAuth.swift in Sources */ = {isa = PBXBuildFile; fileRef = E06ECC1D1F93C6AC00C7D717 /* EmailAuth.swift */; };
		E06ECC201F93C6F300C7D717 /* FirebaseCRUD.swift in Sources */ = {isa = PBXBuildFile; fileRef = E06ECC1F1F93C6F300C7D717 /* FirebaseCRUD.swift */; };
		E06ECC221F93C71500C7D717 /* Loggable.swift in Sources */ = {isa = PBXBuildFile; fileRef = E06ECC211F93C71500C7D717 /* Loggable.swift */; };
		E06ECC241F93C74C00C7D717 /* NetworkServiceProtocols.swift in Sources */ = {isa = PBXBuildFile; fileRef = E06ECC231F93C74C00C7D717 /* NetworkServiceProtocols.swift */; };
		E06ECC261F93C75900C7D717 /* UserService.swift in Sources */ = {isa = PBXBuildFile; fileRef = E06ECC251F93C75900C7D717 /* UserService.swift */; };
		E06ECC281F93C78000C7D717 /* NetworkDependencies.swift in Sources */ = {isa = PBXBuildFile; fileRef = E06ECC271F93C78000C7D717 /* NetworkDependencies.swift */; };
		E06ECC2A1F93EAE500C7D717 /* EmailHelper.swift in Sources */ = {isa = PBXBuildFile; fileRef = E06ECC291F93EAE500C7D717 /* EmailHelper.swift */; };
		E06ECC2C1F93ECAB00C7D717 /* CustomSpinnerViewable.swift in Sources */ = {isa = PBXBuildFile; fileRef = E06ECC2B1F93ECAB00C7D717 /* CustomSpinnerViewable.swift */; };
		E06ECC2E1F93ED9700C7D717 /* Registrable.swift in Sources */ = {isa = PBXBuildFile; fileRef = E06ECC2D1F93ED9700C7D717 /* Registrable.swift */; };
		E06ECC301F93EDB000C7D717 /* User.swift in Sources */ = {isa = PBXBuildFile; fileRef = E06ECC2F1F93EDB000C7D717 /* User.swift */; };
		E06ECC321F93EE8C00C7D717 /* Alertable.swift in Sources */ = {isa = PBXBuildFile; fileRef = E06ECC311F93EE8C00C7D717 /* Alertable.swift */; };
		E06ECC351F93EF5000C7D717 /* LoginFinishedViewController.swift in Sources */ = {isa = PBXBuildFile; fileRef = E06ECC331F93EF5000C7D717 /* LoginFinishedViewController.swift */; };
		E06ECC361F93EF5000C7D717 /* LoginFinishedViewController.xib in Resources */ = {isa = PBXBuildFile; fileRef = E06ECC341F93EF5000C7D717 /* LoginFinishedViewController.xib */; };
		E06ECC381F93F05A00C7D717 /* LoginFinishedCoordinator.swift in Sources */ = {isa = PBXBuildFile; fileRef = E06ECC371F93F05A00C7D717 /* LoginFinishedCoordinator.swift */; };
		E06ECC3A1F93F06300C7D717 /* LoginFinishedViewModel.swift in Sources */ = {isa = PBXBuildFile; fileRef = E06ECC391F93F06300C7D717 /* LoginFinishedViewModel.swift */; };
		E06ECC3D1F93F16D00C7D717 /* NavigationTransitionType.swift in Sources */ = {isa = PBXBuildFile; fileRef = E06ECC3C1F93F16D00C7D717 /* NavigationTransitionType.swift */; };
		E06ECC3F1F93F18400C7D717 /* Navigator.swift in Sources */ = {isa = PBXBuildFile; fileRef = E06ECC3E1F93F18400C7D717 /* Navigator.swift */; };
		E0EF6BC41F93AFB1009E9325 /* AppDelegate.swift in Sources */ = {isa = PBXBuildFile; fileRef = E0EF6BC31F93AFB1009E9325 /* AppDelegate.swift */; };
		E0EF6BCB1F93AFB1009E9325 /* Assets.xcassets in Resources */ = {isa = PBXBuildFile; fileRef = E0EF6BCA1F93AFB1009E9325 /* Assets.xcassets */; };
/* End PBXBuildFile section */

/* Begin PBXFileReference section */
		2A47FECF48D8FA4C7CD09AE1 /* Pods-FirebaseLoginRX.release.xcconfig */ = {isa = PBXFileReference; includeInIndex = 1; lastKnownFileType = text.xcconfig; name = "Pods-FirebaseLoginRX.release.xcconfig"; path = "Pods/Target Support Files/Pods-FirebaseLoginRX/Pods-FirebaseLoginRX.release.xcconfig"; sourceTree = "<group>"; };
		B1CEDEE1E2C2DAD8A6959A53 /* Pods_FirebaseLoginRX.framework */ = {isa = PBXFileReference; explicitFileType = wrapper.framework; includeInIndex = 0; path = Pods_FirebaseLoginRX.framework; sourceTree = BUILT_PRODUCTS_DIR; };
		E06ECBD91F93B42A00C7D717 /* Launch Screen.storyboard */ = {isa = PBXFileReference; fileEncoding = 4; lastKnownFileType = file.storyboard; path = "Launch Screen.storyboard"; sourceTree = "<group>"; };
		E06ECBDE1F93B4F700C7D717 /* RootCoordinator.swift */ = {isa = PBXFileReference; fileEncoding = 4; lastKnownFileType = sourcecode.swift; path = RootCoordinator.swift; sourceTree = "<group>"; };
		E06ECBE01F93B51A00C7D717 /* Coordinator.swift */ = {isa = PBXFileReference; fileEncoding = 4; lastKnownFileType = sourcecode.swift; path = Coordinator.swift; sourceTree = "<group>"; };
		E06ECBE21F93B53000C7D717 /* LoginViewController.swift */ = {isa = PBXFileReference; fileEncoding = 4; lastKnownFileType = sourcecode.swift; path = LoginViewController.swift; sourceTree = "<group>"; };
		E06ECBE31F93B53000C7D717 /* LoginViewController.xib */ = {isa = PBXFileReference; fileEncoding = 4; lastKnownFileType = file.xib; path = LoginViewController.xib; sourceTree = "<group>"; };
		E06ECBE61F93B53F00C7D717 /* LoginCoordinator.swift */ = {isa = PBXFileReference; fileEncoding = 4; lastKnownFileType = sourcecode.swift; path = LoginCoordinator.swift; sourceTree = "<group>"; };
		E06ECBE81F93B6DF00C7D717 /* LoginViewModel.swift */ = {isa = PBXFileReference; fileEncoding = 4; lastKnownFileType = sourcecode.swift; path = LoginViewModel.swift; sourceTree = "<group>"; };
		E06ECBEA1F93B75C00C7D717 /* Roundable.swift */ = {isa = PBXFileReference; fileEncoding = 4; lastKnownFileType = sourcecode.swift; path = Roundable.swift; sourceTree = "<group>"; };
		E06ECBEC1F93B77100C7D717 /* Bordable.swift */ = {isa = PBXFileReference; fileEncoding = 4; lastKnownFileType = sourcecode.swift; path = Bordable.swift; sourceTree = "<group>"; };
		E06ECBEF1F93B79300C7D717 /* UIView.swift */ = {isa = PBXFileReference; fileEncoding = 4; lastKnownFileType = sourcecode.swift; path = UIView.swift; sourceTree = "<group>"; };
		E06ECBF11F93B9B100C7D717 /* GoogleService-Info.plist */ = {isa = PBXFileReference; fileEncoding = 4; lastKnownFileType = text.plist.xml; path = "GoogleService-Info.plist"; sourceTree = "<group>"; };
		E06ECBF31F93BC0F00C7D717 /* FacebookTokenFetcher.swift */ = {isa = PBXFileReference; fileEncoding = 4; lastKnownFileType = sourcecode.swift; path = FacebookTokenFetcher.swift; sourceTree = "<group>"; };
		E06ECBF51F93BC2500C7D717 /* FacebookAuth.swift */ = {isa = PBXFileReference; fileEncoding = 4; lastKnownFileType = sourcecode.swift; path = FacebookAuth.swift; sourceTree = "<group>"; };
		E06ECBF71F93BC4600C7D717 /* GoogleTokenFetcher.swift */ = {isa = PBXFileReference; fileEncoding = 4; lastKnownFileType = sourcecode.swift; path = GoogleTokenFetcher.swift; sourceTree = "<group>"; };
		E06ECBF91F93BC5700C7D717 /* GoogleAuth.swift */ = {isa = PBXFileReference; fileEncoding = 4; lastKnownFileType = sourcecode.swift; path = GoogleAuth.swift; sourceTree = "<group>"; };
		E06ECBFC1F93BC6D00C7D717 /* GoogleSignIn+Rx.swift */ = {isa = PBXFileReference; fileEncoding = 4; lastKnownFileType = sourcecode.swift; path = "GoogleSignIn+Rx.swift"; sourceTree = "<group>"; };
		E06ECBFE1F93BC9300C7D717 /* TwitterTokenFetcher.swift */ = {isa = PBXFileReference; fileEncoding = 4; lastKnownFileType = sourcecode.swift; path = TwitterTokenFetcher.swift; sourceTree = "<group>"; };
		E06ECC001F93BCA400C7D717 /* TwitterAuth.swift */ = {isa = PBXFileReference; fileEncoding = 4; lastKnownFileType = sourcecode.swift; path = TwitterAuth.swift; sourceTree = "<group>"; };
		E06ECC1B1F93C69600C7D717 /* LoginService.swift */ = {isa = PBXFileReference; fileEncoding = 4; lastKnownFileType = sourcecode.swift; path = LoginService.swift; sourceTree = "<group>"; };
		E06ECC1D1F93C6AC00C7D717 /* EmailAuth.swift */ = {isa = PBXFileReference; fileEncoding = 4; lastKnownFileType = sourcecode.swift; path = EmailAuth.swift; sourceTree = "<group>"; };
		E06ECC1F1F93C6F300C7D717 /* FirebaseCRUD.swift */ = {isa = PBXFileReference; fileEncoding = 4; lastKnownFileType = sourcecode.swift; path = FirebaseCRUD.swift; sourceTree = "<group>"; };
		E06ECC211F93C71500C7D717 /* Loggable.swift */ = {isa = PBXFileReference; fileEncoding = 4; lastKnownFileType = sourcecode.swift; path = Loggable.swift; sourceTree = "<group>"; };
		E06ECC231F93C74C00C7D717 /* NetworkServiceProtocols.swift */ = {isa = PBXFileReference; fileEncoding = 4; lastKnownFileType = sourcecode.swift; path = NetworkServiceProtocols.swift; sourceTree = "<group>"; };
		E06ECC251F93C75900C7D717 /* UserService.swift */ = {isa = PBXFileReference; fileEncoding = 4; lastKnownFileType = sourcecode.swift; path = UserService.swift; sourceTree = "<group>"; };
		E06ECC271F93C78000C7D717 /* NetworkDependencies.swift */ = {isa = PBXFileReference; fileEncoding = 4; lastKnownFileType = sourcecode.swift; path = NetworkDependencies.swift; sourceTree = "<group>"; };
		E06ECC291F93EAE500C7D717 /* EmailHelper.swift */ = {isa = PBXFileReference; fileEncoding = 4; lastKnownFileType = sourcecode.swift; path = EmailHelper.swift; sourceTree = "<group>"; };
		E06ECC2B1F93ECAB00C7D717 /* CustomSpinnerViewable.swift */ = {isa = PBXFileReference; fileEncoding = 4; lastKnownFileType = sourcecode.swift; path = CustomSpinnerViewable.swift; sourceTree = "<group>"; };
		E06ECC2D1F93ED9700C7D717 /* Registrable.swift */ = {isa = PBXFileReference; fileEncoding = 4; lastKnownFileType = sourcecode.swift; path = Registrable.swift; sourceTree = "<group>"; };
		E06ECC2F1F93EDB000C7D717 /* User.swift */ = {isa = PBXFileReference; fileEncoding = 4; lastKnownFileType = sourcecode.swift; path = User.swift; sourceTree = "<group>"; };
		E06ECC311F93EE8C00C7D717 /* Alertable.swift */ = {isa = PBXFileReference; fileEncoding = 4; lastKnownFileType = sourcecode.swift; path = Alertable.swift; sourceTree = "<group>"; };
		E06ECC331F93EF5000C7D717 /* LoginFinishedViewController.swift */ = {isa = PBXFileReference; fileEncoding = 4; lastKnownFileType = sourcecode.swift; path = LoginFinishedViewController.swift; sourceTree = "<group>"; };
		E06ECC341F93EF5000C7D717 /* LoginFinishedViewController.xib */ = {isa = PBXFileReference; fileEncoding = 4; lastKnownFileType = file.xib; path = LoginFinishedViewController.xib; sourceTree = "<group>"; };
		E06ECC371F93F05A00C7D717 /* LoginFinishedCoordinator.swift */ = {isa = PBXFileReference; fileEncoding = 4; lastKnownFileType = sourcecode.swift; path = LoginFinishedCoordinator.swift; sourceTree = "<group>"; };
		E06ECC391F93F06300C7D717 /* LoginFinishedViewModel.swift */ = {isa = PBXFileReference; fileEncoding = 4; lastKnownFileType = sourcecode.swift; path = LoginFinishedViewModel.swift; sourceTree = "<group>"; };
		E06ECC3C1F93F16D00C7D717 /* NavigationTransitionType.swift */ = {isa = PBXFileReference; fileEncoding = 4; lastKnownFileType = sourcecode.swift; path = NavigationTransitionType.swift; sourceTree = "<group>"; };
		E06ECC3E1F93F18400C7D717 /* Navigator.swift */ = {isa = PBXFileReference; fileEncoding = 4; lastKnownFileType = sourcecode.swift; path = Navigator.swift; sourceTree = "<group>"; };
		E0EF6BC01F93AFB1009E9325 /* FirebaseLoginRX.app */ = {isa = PBXFileReference; explicitFileType = wrapper.application; includeInIndex = 0; path = FirebaseLoginRX.app; sourceTree = BUILT_PRODUCTS_DIR; };
		E0EF6BC31F93AFB1009E9325 /* AppDelegate.swift */ = {isa = PBXFileReference; lastKnownFileType = sourcecode.swift; path = AppDelegate.swift; sourceTree = "<group>"; };
		E0EF6BCA1F93AFB1009E9325 /* Assets.xcassets */ = {isa = PBXFileReference; lastKnownFileType = folder.assetcatalog; path = Assets.xcassets; sourceTree = "<group>"; };
		E0EF6BCF1F93AFB1009E9325 /* Info.plist */ = {isa = PBXFileReference; lastKnownFileType = text.plist.xml; path = Info.plist; sourceTree = "<group>"; };
		ED50F5474F050A9FFC60D6D1 /* Pods-FirebaseLoginRX.debug.xcconfig */ = {isa = PBXFileReference; includeInIndex = 1; lastKnownFileType = text.xcconfig; name = "Pods-FirebaseLoginRX.debug.xcconfig"; path = "Pods/Target Support Files/Pods-FirebaseLoginRX/Pods-FirebaseLoginRX.debug.xcconfig"; sourceTree = "<group>"; };
/* End PBXFileReference section */

/* Begin PBXFrameworksBuildPhase section */
		E0EF6BBD1F93AFB1009E9325 /* Frameworks */ = {
			isa = PBXFrameworksBuildPhase;
			buildActionMask = 2147483647;
			files = (
				3C6C52BA64B68760666313F3 /* Pods_FirebaseLoginRX.framework in Frameworks */,
			);
			runOnlyForDeploymentPostprocessing = 0;
		};
/* End PBXFrameworksBuildPhase section */

/* Begin PBXGroup section */
		D270611FD470B7A0A9A7D78F /* Frameworks */ = {
			isa = PBXGroup;
			children = (
				B1CEDEE1E2C2DAD8A6959A53 /* Pods_FirebaseLoginRX.framework */,
			);
			name = Frameworks;
			sourceTree = "<group>";
		};
		E06ECBD21F93B3E500C7D717 /* Models */ = {
			isa = PBXGroup;
			children = (
				E06ECBF51F93BC2500C7D717 /* FacebookAuth.swift */,
				E06ECBF91F93BC5700C7D717 /* GoogleAuth.swift */,
				E06ECC001F93BCA400C7D717 /* TwitterAuth.swift */,
				E06ECC1D1F93C6AC00C7D717 /* EmailAuth.swift */,
				E06ECC271F93C78000C7D717 /* NetworkDependencies.swift */,
			);
			name = Models;
			sourceTree = "<group>";
		};
		E06ECBD31F93B3F000C7D717 /* Resources */ = {
			isa = PBXGroup;
			children = (
				E06ECBF11F93B9B100C7D717 /* GoogleService-Info.plist */,
				E0EF6BCF1F93AFB1009E9325 /* Info.plist */,
				E0EF6BCA1F93AFB1009E9325 /* Assets.xcassets */,
				E06ECBD91F93B42A00C7D717 /* Launch Screen.storyboard */,
			);
			name = Resources;
			sourceTree = "<group>";
		};
		E06ECBD41F93B3FA00C7D717 /* Application */ = {
			isa = PBXGroup;
			children = (
				E06ECBDB1F93B4CB00C7D717 /* Root */,
				E06ECBDC1F93B4D000C7D717 /* Login */,
				E06ECBDD1F93B4D300C7D717 /* LoginFinished */,
			);
			name = Application;
			sourceTree = "<group>";
		};
		E06ECBD51F93B40000C7D717 /* Protocols */ = {
			isa = PBXGroup;
			children = (
				E06ECBEE1F93B77900C7D717 /* UI */,
				E06ECBE01F93B51A00C7D717 /* Coordinator.swift */,
				E06ECC1F1F93C6F300C7D717 /* FirebaseCRUD.swift */,
				E06ECC211F93C71500C7D717 /* Loggable.swift */,
				E06ECC2D1F93ED9700C7D717 /* Registrable.swift */,
				E06ECC231F93C74C00C7D717 /* NetworkServiceProtocols.swift */,
				E06ECC2B1F93ECAB00C7D717 /* CustomSpinnerViewable.swift */,
				E06ECC311F93EE8C00C7D717 /* Alertable.swift */,
			);
			name = Protocols;
			sourceTree = "<group>";
		};
		E06ECBD61F93B40800C7D717 /* Extensions */ = {
			isa = PBXGroup;
			children = (
				E06ECBFB1F93BC6500C7D717 /* Rx */,
				E06ECBEF1F93B79300C7D717 /* UIView.swift */,
				E06ECC2F1F93EDB000C7D717 /* User.swift */,
			);
			name = Extensions;
			sourceTree = "<group>";
		};
		E06ECBD71F93B40F00C7D717 /* Helpers */ = {
			isa = PBXGroup;
			children = (
				E06ECC291F93EAE500C7D717 /* EmailHelper.swift */,
			);
			name = Helpers;
			sourceTree = "<group>";
		};
		E06ECBD81F93B41500C7D717 /* Network */ = {
			isa = PBXGroup;
			children = (
				E06ECBF31F93BC0F00C7D717 /* FacebookTokenFetcher.swift */,
				E06ECBF71F93BC4600C7D717 /* GoogleTokenFetcher.swift */,
				E06ECBFE1F93BC9300C7D717 /* TwitterTokenFetcher.swift */,
				E06ECC1B1F93C69600C7D717 /* LoginService.swift */,
				E06ECC251F93C75900C7D717 /* UserService.swift */,
			);
			name = Network;
			sourceTree = "<group>";
		};
		E06ECBDB1F93B4CB00C7D717 /* Root */ = {
			isa = PBXGroup;
			children = (
				E0EF6BC31F93AFB1009E9325 /* AppDelegate.swift */,
				E06ECBDE1F93B4F700C7D717 /* RootCoordinator.swift */,
			);
			name = Root;
			sourceTree = "<group>";
		};
		E06ECBDC1F93B4D000C7D717 /* Login */ = {
			isa = PBXGroup;
			children = (
				E06ECBE21F93B53000C7D717 /* LoginViewController.swift */,
				E06ECBE31F93B53000C7D717 /* LoginViewController.xib */,
				E06ECBE61F93B53F00C7D717 /* LoginCoordinator.swift */,
				E06ECBE81F93B6DF00C7D717 /* LoginViewModel.swift */,
			);
			name = Login;
			sourceTree = "<group>";
		};
		E06ECBDD1F93B4D300C7D717 /* LoginFinished */ = {
			isa = PBXGroup;
			children = (
				E06ECC331F93EF5000C7D717 /* LoginFinishedViewController.swift */,
				E06ECC341F93EF5000C7D717 /* LoginFinishedViewController.xib */,
				E06ECC371F93F05A00C7D717 /* LoginFinishedCoordinator.swift */,
				E06ECC391F93F06300C7D717 /* LoginFinishedViewModel.swift */,
			);
			name = LoginFinished;
			sourceTree = "<group>";
		};
		E06ECBEE1F93B77900C7D717 /* UI */ = {
			isa = PBXGroup;
			children = (
				E06ECBEA1F93B75C00C7D717 /* Roundable.swift */,
				E06ECBEC1F93B77100C7D717 /* Bordable.swift */,
			);
			name = UI;
			sourceTree = "<group>";
		};
		E06ECBFB1F93BC6500C7D717 /* Rx */ = {
			isa = PBXGroup;
			children = (
				E06ECBFC1F93BC6D00C7D717 /* GoogleSignIn+Rx.swift */,
			);
			name = Rx;
			sourceTree = "<group>";
		};
		E06ECC3B1F93F16200C7D717 /* Navigation */ = {
			isa = PBXGroup;
			children = (
				E06ECC3C1F93F16D00C7D717 /* NavigationTransitionType.swift */,
				E06ECC3E1F93F18400C7D717 /* Navigator.swift */,
			);
			name = Navigation;
			sourceTree = "<group>";
		};
		E0EF6BB71F93AFB1009E9325 = {
			isa = PBXGroup;
			children = (
				E0EF6BC21F93AFB1009E9325 /* FirebaseLoginRX */,
				E0EF6BC11F93AFB1009E9325 /* Products */,
				E436BCF650FB99D691A2BAEB /* Pods */,
				D270611FD470B7A0A9A7D78F /* Frameworks */,
			);
			sourceTree = "<group>";
		};
		E0EF6BC11F93AFB1009E9325 /* Products */ = {
			isa = PBXGroup;
			children = (
				E0EF6BC01F93AFB1009E9325 /* FirebaseLoginRX.app */,
			);
			name = Products;
			sourceTree = "<group>";
		};
		E0EF6BC21F93AFB1009E9325 /* FirebaseLoginRX */ = {
			isa = PBXGroup;
			children = (
				E06ECC3B1F93F16200C7D717 /* Navigation */,
				E06ECBD81F93B41500C7D717 /* Network */,
				E06ECBD71F93B40F00C7D717 /* Helpers */,
				E06ECBD61F93B40800C7D717 /* Extensions */,
				E06ECBD51F93B40000C7D717 /* Protocols */,
				E06ECBD41F93B3FA00C7D717 /* Application */,
				E06ECBD21F93B3E500C7D717 /* Models */,
				E06ECBD31F93B3F000C7D717 /* Resources */,
			);
			path = FirebaseLoginRX;
			sourceTree = "<group>";
		};
		E436BCF650FB99D691A2BAEB /* Pods */ = {
			isa = PBXGroup;
			children = (
				ED50F5474F050A9FFC60D6D1 /* Pods-FirebaseLoginRX.debug.xcconfig */,
				2A47FECF48D8FA4C7CD09AE1 /* Pods-FirebaseLoginRX.release.xcconfig */,
			);
			name = Pods;
			sourceTree = "<group>";
		};
/* End PBXGroup section */

/* Begin PBXNativeTarget section */
		E0EF6BBF1F93AFB1009E9325 /* FirebaseLoginRX */ = {
			isa = PBXNativeTarget;
			buildConfigurationList = E0EF6BD21F93AFB1009E9325 /* Build configuration list for PBXNativeTarget "FirebaseLoginRX" */;
			buildPhases = (
				E9EE978DCE11C37674A32DD2 /* [CP] Check Pods Manifest.lock */,
				E0EF6BBC1F93AFB1009E9325 /* Sources */,
				E0EF6BBD1F93AFB1009E9325 /* Frameworks */,
				E0EF6BBE1F93AFB1009E9325 /* Resources */,
				C58E4082C391547AF1DF9AB8 /* [CP] Embed Pods Frameworks */,
				D77DBE20DF5E26B60DB6B909 /* [CP] Copy Pods Resources */,
			);
			buildRules = (
			);
			dependencies = (
			);
			name = FirebaseLoginRX;
			productName = FirebaseLoginRX;
			productReference = E0EF6BC01F93AFB1009E9325 /* FirebaseLoginRX.app */;
			productType = "com.apple.product-type.application";
		};
/* End PBXNativeTarget section */

/* Begin PBXProject section */
		E0EF6BB81F93AFB1009E9325 /* Project object */ = {
			isa = PBXProject;
			attributes = {
				LastSwiftUpdateCheck = 0830;
				LastUpgradeCheck = 0830;
				ORGANIZATIONNAME = "Amadeu Andrade";
				TargetAttributes = {
					E0EF6BBF1F93AFB1009E9325 = {
						CreatedOnToolsVersion = 8.3.3;
						DevelopmentTeam = P8WVW27EH5;
						ProvisioningStyle = Automatic;
					};
				};
			};
			buildConfigurationList = E0EF6BBB1F93AFB1009E9325 /* Build configuration list for PBXProject "FirebaseLoginRX" */;
			compatibilityVersion = "Xcode 3.2";
			developmentRegion = English;
			hasScannedForEncodings = 0;
			knownRegions = (
				en,
				Base,
			);
			mainGroup = E0EF6BB71F93AFB1009E9325;
			productRefGroup = E0EF6BC11F93AFB1009E9325 /* Products */;
			projectDirPath = "";
			projectRoot = "";
			targets = (
				E0EF6BBF1F93AFB1009E9325 /* FirebaseLoginRX */,
			);
		};
/* End PBXProject section */

/* Begin PBXResourcesBuildPhase section */
		E0EF6BBE1F93AFB1009E9325 /* Resources */ = {
			isa = PBXResourcesBuildPhase;
			buildActionMask = 2147483647;
			files = (
				E06ECC361F93EF5000C7D717 /* LoginFinishedViewController.xib in Resources */,
				E06ECBDA1F93B42A00C7D717 /* Launch Screen.storyboard in Resources */,
				E06ECBF21F93B9B100C7D717 /* GoogleService-Info.plist in Resources */,
				E0EF6BCB1F93AFB1009E9325 /* Assets.xcassets in Resources */,
				E06ECBE51F93B53000C7D717 /* LoginViewController.xib in Resources */,
			);
			runOnlyForDeploymentPostprocessing = 0;
		};
/* End PBXResourcesBuildPhase section */

/* Begin PBXShellScriptBuildPhase section */
		C58E4082C391547AF1DF9AB8 /* [CP] Embed Pods Frameworks */ = {
			isa = PBXShellScriptBuildPhase;
			buildActionMask = 2147483647;
			files = (
			);
			inputPaths = (
				"${SRCROOT}/Pods/Target Support Files/Pods-FirebaseLoginRX/Pods-FirebaseLoginRX-frameworks.sh",
				"${BUILT_PRODUCTS_DIR}/Action/Action.framework",
				"${BUILT_PRODUCTS_DIR}/Bolts/Bolts.framework",
				"${BUILT_PRODUCTS_DIR}/FBSDKCoreKit/FBSDKCoreKit.framework",
				"${BUILT_PRODUCTS_DIR}/FBSDKLoginKit/FBSDKLoginKit.framework",
				"${BUILT_PRODUCTS_DIR}/FacebookCore/FacebookCore.framework",
				"${BUILT_PRODUCTS_DIR}/FacebookLogin/FacebookLogin.framework",
				"${BUILT_PRODUCTS_DIR}/GTMOAuth2/GTMOAuth2.framework",
				"${BUILT_PRODUCTS_DIR}/GTMSessionFetcher/GTMSessionFetcher.framework",
				"${BUILT_PRODUCTS_DIR}/GoogleToolboxForMac/GoogleToolboxForMac.framework",
				"${BUILT_PRODUCTS_DIR}/NVActivityIndicatorView/NVActivityIndicatorView.framework",
				"${BUILT_PRODUCTS_DIR}/RxCocoa/RxCocoa.framework",
				"${BUILT_PRODUCTS_DIR}/RxSwift/RxSwift.framework",
				"${BUILT_PRODUCTS_DIR}/leveldb-library/leveldb.framework",
				"${BUILT_PRODUCTS_DIR}/nanopb/nanopb.framework",
			);
			name = "[CP] Embed Pods Frameworks";
			outputPaths = (
				"${TARGET_BUILD_DIR}/${FRAMEWORKS_FOLDER_PATH}/Action.framework",
				"${TARGET_BUILD_DIR}/${FRAMEWORKS_FOLDER_PATH}/Bolts.framework",
				"${TARGET_BUILD_DIR}/${FRAMEWORKS_FOLDER_PATH}/FBSDKCoreKit.framework",
				"${TARGET_BUILD_DIR}/${FRAMEWORKS_FOLDER_PATH}/FBSDKLoginKit.framework",
				"${TARGET_BUILD_DIR}/${FRAMEWORKS_FOLDER_PATH}/FacebookCore.framework",
				"${TARGET_BUILD_DIR}/${FRAMEWORKS_FOLDER_PATH}/FacebookLogin.framework",
				"${TARGET_BUILD_DIR}/${FRAMEWORKS_FOLDER_PATH}/GTMOAuth2.framework",
				"${TARGET_BUILD_DIR}/${FRAMEWORKS_FOLDER_PATH}/GTMSessionFetcher.framework",
				"${TARGET_BUILD_DIR}/${FRAMEWORKS_FOLDER_PATH}/GoogleToolboxForMac.framework",
				"${TARGET_BUILD_DIR}/${FRAMEWORKS_FOLDER_PATH}/NVActivityIndicatorView.framework",
				"${TARGET_BUILD_DIR}/${FRAMEWORKS_FOLDER_PATH}/RxCocoa.framework",
				"${TARGET_BUILD_DIR}/${FRAMEWORKS_FOLDER_PATH}/RxSwift.framework",
				"${TARGET_BUILD_DIR}/${FRAMEWORKS_FOLDER_PATH}/leveldb.framework",
				"${TARGET_BUILD_DIR}/${FRAMEWORKS_FOLDER_PATH}/nanopb.framework",
			);
			runOnlyForDeploymentPostprocessing = 0;
			shellPath = /bin/sh;
			shellScript = "\"${SRCROOT}/Pods/Target Support Files/Pods-FirebaseLoginRX/Pods-FirebaseLoginRX-frameworks.sh\"\n";
			showEnvVarsInLog = 0;
		};
		D77DBE20DF5E26B60DB6B909 /* [CP] Copy Pods Resources */ = {
			isa = PBXShellScriptBuildPhase;
			buildActionMask = 2147483647;
			files = (
			);
			inputPaths = (
				"${SRCROOT}/Pods/Target Support Files/Pods-FirebaseLoginRX/Pods-FirebaseLoginRX-resources.sh",
				"${PODS_ROOT}/GoogleSignIn/Resources/GoogleSignIn.bundle",
				"${PODS_ROOT}/TwitterKit/iOS/TwitterKit.framework/TwitterKitResources.bundle",
				"${PODS_ROOT}/TwitterKit/iOS/TwitterKit.framework/TwitterShareExtensionUIResources.bundle",
			);
			name = "[CP] Copy Pods Resources";
			outputPaths = (
				"${TARGET_BUILD_DIR}/${UNLOCALIZED_RESOURCES_FOLDER_PATH}",
			);
			runOnlyForDeploymentPostprocessing = 0;
			shellPath = /bin/sh;
			shellScript = "\"${SRCROOT}/Pods/Target Support Files/Pods-FirebaseLoginRX/Pods-FirebaseLoginRX-resources.sh\"\n";
			showEnvVarsInLog = 0;
		};
		E9EE978DCE11C37674A32DD2 /* [CP] Check Pods Manifest.lock */ = {
			isa = PBXShellScriptBuildPhase;
			buildActionMask = 2147483647;
			files = (
			);
			inputPaths = (
				"${PODS_PODFILE_DIR_PATH}/Podfile.lock",
				"${PODS_ROOT}/Manifest.lock",
			);
			name = "[CP] Check Pods Manifest.lock";
			outputPaths = (
				"$(DERIVED_FILE_DIR)/Pods-FirebaseLoginRX-checkManifestLockResult.txt",
			);
			runOnlyForDeploymentPostprocessing = 0;
			shellPath = /bin/sh;
			shellScript = "diff \"${PODS_PODFILE_DIR_PATH}/Podfile.lock\" \"${PODS_ROOT}/Manifest.lock\" > /dev/null\nif [ $? != 0 ] ; then\n    # print error to STDERR\n    echo \"error: The sandbox is not in sync with the Podfile.lock. Run 'pod install' or update your CocoaPods installation.\" >&2\n    exit 1\nfi\n# This output is used by Xcode 'outputs' to avoid re-running this script phase.\necho \"SUCCESS\" > \"${SCRIPT_OUTPUT_FILE_0}\"\n";
			showEnvVarsInLog = 0;
		};
/* End PBXShellScriptBuildPhase section */

/* Begin PBXSourcesBuildPhase section */
		E0EF6BBC1F93AFB1009E9325 /* Sources */ = {
			isa = PBXSourcesBuildPhase;
			buildActionMask = 2147483647;
			files = (
				E06ECC1C1F93C69600C7D717 /* LoginService.swift in Sources */,
				E06ECC201F93C6F300C7D717 /* FirebaseCRUD.swift in Sources */,
				E06ECBE41F93B53000C7D717 /* LoginViewController.swift in Sources */,
				E06ECC011F93BCA400C7D717 /* TwitterAuth.swift in Sources */,
				E06ECC351F93EF5000C7D717 /* LoginFinishedViewController.swift in Sources */,
				E06ECC3F1F93F18400C7D717 /* Navigator.swift in Sources */,
				E06ECC281F93C78000C7D717 /* NetworkDependencies.swift in Sources */,
				E06ECC301F93EDB000C7D717 /* User.swift in Sources */,
				E06ECBF41F93BC0F00C7D717 /* FacebookTokenFetcher.swift in Sources */,
				E06ECBFD1F93BC6D00C7D717 /* GoogleSignIn+Rx.swift in Sources */,
				E06ECC2C1F93ECAB00C7D717 /* CustomSpinnerViewable.swift in Sources */,
				E06ECC261F93C75900C7D717 /* UserService.swift in Sources */,
				E06ECBF81F93BC4600C7D717 /* GoogleTokenFetcher.swift in Sources */,
				E06ECBDF1F93B4F700C7D717 /* RootCoordinator.swift in Sources */,
				E06ECBF61F93BC2500C7D717 /* FacebookAuth.swift in Sources */,
				E06ECBEB1F93B75C00C7D717 /* Roundable.swift in Sources */,
				E06ECBE91F93B6DF00C7D717 /* LoginViewModel.swift in Sources */,
				E06ECBED1F93B77100C7D717 /* Bordable.swift in Sources */,
				E06ECBE71F93B53F00C7D717 /* LoginCoordinator.swift in Sources */,
				E06ECC1E1F93C6AC00C7D717 /* EmailAuth.swift in Sources */,
				E06ECBFA1F93BC5700C7D717 /* GoogleAuth.swift in Sources */,
				E0EF6BC41F93AFB1009E9325 /* AppDelegate.swift in Sources */,
				E06ECBF01F93B79300C7D717 /* UIView.swift in Sources */,
				E06ECC3D1F93F16D00C7D717 /* NavigationTransitionType.swift in Sources */,
				E06ECC3A1F93F06300C7D717 /* LoginFinishedViewModel.swift in Sources */,
				E06ECC381F93F05A00C7D717 /* LoginFinishedCoordinator.swift in Sources */,
				E06ECC2E1F93ED9700C7D717 /* Registrable.swift in Sources */,
				E06ECC321F93EE8C00C7D717 /* Alertable.swift in Sources */,
				E06ECBFF1F93BC9300C7D717 /* TwitterTokenFetcher.swift in Sources */,
				E06ECC2A1F93EAE500C7D717 /* EmailHelper.swift in Sources */,
				E06ECC241F93C74C00C7D717 /* NetworkServiceProtocols.swift in Sources */,
				E06ECC221F93C71500C7D717 /* Loggable.swift in Sources */,
				E06ECBE11F93B51A00C7D717 /* Coordinator.swift in Sources */,
			);
			runOnlyForDeploymentPostprocessing = 0;
		};
/* End PBXSourcesBuildPhase section */

/* Begin XCBuildConfiguration section */
		E0EF6BD01F93AFB1009E9325 /* Debug */ = {
			isa = XCBuildConfiguration;
			buildSettings = {
				ALWAYS_SEARCH_USER_PATHS = NO;
				CLANG_ANALYZER_NONNULL = YES;
				CLANG_ANALYZER_NUMBER_OBJECT_CONVERSION = YES_AGGRESSIVE;
				CLANG_CXX_LANGUAGE_STANDARD = "gnu++0x";
				CLANG_CXX_LIBRARY = "libc++";
				CLANG_ENABLE_MODULES = YES;
				CLANG_ENABLE_OBJC_ARC = YES;
				CLANG_WARN_BOOL_CONVERSION = YES;
				CLANG_WARN_CONSTANT_CONVERSION = YES;
				CLANG_WARN_DIRECT_OBJC_ISA_USAGE = YES_ERROR;
				CLANG_WARN_DOCUMENTATION_COMMENTS = YES;
				CLANG_WARN_EMPTY_BODY = YES;
				CLANG_WARN_ENUM_CONVERSION = YES;
				CLANG_WARN_INFINITE_RECURSION = YES;
				CLANG_WARN_INT_CONVERSION = YES;
				CLANG_WARN_OBJC_ROOT_CLASS = YES_ERROR;
				CLANG_WARN_SUSPICIOUS_MOVE = YES;
				CLANG_WARN_UNREACHABLE_CODE = YES;
				CLANG_WARN__DUPLICATE_METHOD_MATCH = YES;
				"CODE_SIGN_IDENTITY[sdk=iphoneos*]" = "iPhone Developer";
				COPY_PHASE_STRIP = NO;
				DEBUG_INFORMATION_FORMAT = dwarf;
				ENABLE_STRICT_OBJC_MSGSEND = YES;
				ENABLE_TESTABILITY = YES;
				GCC_C_LANGUAGE_STANDARD = gnu99;
				GCC_DYNAMIC_NO_PIC = NO;
				GCC_NO_COMMON_BLOCKS = YES;
				GCC_OPTIMIZATION_LEVEL = 0;
				GCC_PREPROCESSOR_DEFINITIONS = (
					"DEBUG=1",
					"$(inherited)",
				);
				GCC_WARN_64_TO_32_BIT_CONVERSION = YES;
				GCC_WARN_ABOUT_RETURN_TYPE = YES_ERROR;
				GCC_WARN_UNDECLARED_SELECTOR = YES;
				GCC_WARN_UNINITIALIZED_AUTOS = YES_AGGRESSIVE;
				GCC_WARN_UNUSED_FUNCTION = YES;
				GCC_WARN_UNUSED_VARIABLE = YES;
				IPHONEOS_DEPLOYMENT_TARGET = 10.2;
				MTL_ENABLE_DEBUG_INFO = YES;
				ONLY_ACTIVE_ARCH = YES;
				SDKROOT = iphoneos;
				SWIFT_ACTIVE_COMPILATION_CONDITIONS = DEBUG;
				SWIFT_OPTIMIZATION_LEVEL = "-Onone";
			};
			name = Debug;
		};
		E0EF6BD11F93AFB1009E9325 /* Release */ = {
			isa = XCBuildConfiguration;
			buildSettings = {
				ALWAYS_SEARCH_USER_PATHS = NO;
				CLANG_ANALYZER_NONNULL = YES;
				CLANG_ANALYZER_NUMBER_OBJECT_CONVERSION = YES_AGGRESSIVE;
				CLANG_CXX_LANGUAGE_STANDARD = "gnu++0x";
				CLANG_CXX_LIBRARY = "libc++";
				CLANG_ENABLE_MODULES = YES;
				CLANG_ENABLE_OBJC_ARC = YES;
				CLANG_WARN_BOOL_CONVERSION = YES;
				CLANG_WARN_CONSTANT_CONVERSION = YES;
				CLANG_WARN_DIRECT_OBJC_ISA_USAGE = YES_ERROR;
				CLANG_WARN_DOCUMENTATION_COMMENTS = YES;
				CLANG_WARN_EMPTY_BODY = YES;
				CLANG_WARN_ENUM_CONVERSION = YES;
				CLANG_WARN_INFINITE_RECURSION = YES;
				CLANG_WARN_INT_CONVERSION = YES;
				CLANG_WARN_OBJC_ROOT_CLASS = YES_ERROR;
				CLANG_WARN_SUSPICIOUS_MOVE = YES;
				CLANG_WARN_UNREACHABLE_CODE = YES;
				CLANG_WARN__DUPLICATE_METHOD_MATCH = YES;
				"CODE_SIGN_IDENTITY[sdk=iphoneos*]" = "iPhone Developer";
				COPY_PHASE_STRIP = NO;
				DEBUG_INFORMATION_FORMAT = "dwarf-with-dsym";
				ENABLE_NS_ASSERTIONS = NO;
				ENABLE_STRICT_OBJC_MSGSEND = YES;
				GCC_C_LANGUAGE_STANDARD = gnu99;
				GCC_NO_COMMON_BLOCKS = YES;
				GCC_WARN_64_TO_32_BIT_CONVERSION = YES;
				GCC_WARN_ABOUT_RETURN_TYPE = YES_ERROR;
				GCC_WARN_UNDECLARED_SELECTOR = YES;
				GCC_WARN_UNINITIALIZED_AUTOS = YES_AGGRESSIVE;
				GCC_WARN_UNUSED_FUNCTION = YES;
				GCC_WARN_UNUSED_VARIABLE = YES;
				IPHONEOS_DEPLOYMENT_TARGET = 10.2;
				MTL_ENABLE_DEBUG_INFO = NO;
				SDKROOT = iphoneos;
				SWIFT_OPTIMIZATION_LEVEL = "-Owholemodule";
				VALIDATE_PRODUCT = YES;
			};
			name = Release;
		};
		E0EF6BD31F93AFB1009E9325 /* Debug */ = {
			isa = XCBuildConfiguration;
			baseConfigurationReference = ED50F5474F050A9FFC60D6D1 /* Pods-FirebaseLoginRX.debug.xcconfig */;
			buildSettings = {
				ASSETCATALOG_COMPILER_APPICON_NAME = AppIcon;
				DEVELOPMENT_TEAM = P8WVW27EH5;
				INFOPLIST_FILE = FirebaseLoginRX/Info.plist;
				IPHONEOS_DEPLOYMENT_TARGET = 10.2;
				LD_RUNPATH_SEARCH_PATHS = "$(inherited) @executable_path/Frameworks";
				PRODUCT_BUNDLE_IDENTIFIER = com.amadeuandrade.FirebaseLoginRX;
				PRODUCT_NAME = "$(TARGET_NAME)";
				SWIFT_VERSION = 3.0;
			};
			name = Debug;
		};
		E0EF6BD41F93AFB1009E9325 /* Release */ = {
			isa = XCBuildConfiguration;
			baseConfigurationReference = 2A47FECF48D8FA4C7CD09AE1 /* Pods-FirebaseLoginRX.release.xcconfig */;
			buildSettings = {
				ASSETCATALOG_COMPILER_APPICON_NAME = AppIcon;
				DEVELOPMENT_TEAM = P8WVW27EH5;
				INFOPLIST_FILE = FirebaseLoginRX/Info.plist;
				IPHONEOS_DEPLOYMENT_TARGET = 10.2;
				LD_RUNPATH_SEARCH_PATHS = "$(inherited) @executable_path/Frameworks";
				PRODUCT_BUNDLE_IDENTIFIER = com.amadeuandrade.FirebaseLoginRX;
				PRODUCT_NAME = "$(TARGET_NAME)";
				SWIFT_VERSION = 3.0;
			};
			name = Release;
		};
/* End XCBuildConfiguration section */

/* Begin XCConfigurationList section */
		E0EF6BBB1F93AFB1009E9325 /* Build configuration list for PBXProject "FirebaseLoginRX" */ = {
			isa = XCConfigurationList;
			buildConfigurations = (
				E0EF6BD01F93AFB1009E9325 /* Debug */,
				E0EF6BD11F93AFB1009E9325 /* Release */,
			);
			defaultConfigurationIsVisible = 0;
			defaultConfigurationName = Release;
		};
		E0EF6BD21F93AFB1009E9325 /* Build configuration list for PBXNativeTarget "FirebaseLoginRX" */ = {
			isa = XCConfigurationList;
			buildConfigurations = (
				E0EF6BD31F93AFB1009E9325 /* Debug */,
				E0EF6BD41F93AFB1009E9325 /* Release */,
			);
			defaultConfigurationIsVisible = 0;
			defaultConfigurationName = Release;
		};
/* End XCConfigurationList section */
	};
	rootObject = E0EF6BB81F93AFB1009E9325 /* Project object */;
}
